{
  "requires": true,
  "lockfileVersion": 1,
  "dependencies": {
    "@ionic-native/google-analytics": {
      "version": "5.5.1",
      "resolved": "https://registry.npmjs.org/@ionic-native/google-analytics/-/google-analytics-5.5.1.tgz",
      "integrity": "sha512-fYPJdlPPrRP9WIR6mAELCdlUGwnrq9gRgREP6Z9hsVSyQPiqsZC+qzKKtSiM92esH8gQZoYeHB+1XceA1UkLyg==",
      "requires": {
        "@types/cordova": "^0.0.34"
      }
    },
    "@types/cordova": {
      "version": "0.0.34",
      "resolved": "https://registry.npmjs.org/@types/cordova/-/cordova-0.0.34.tgz",
      "integrity": "sha1-6nrd907Ow9dimCegw54smt3HPQQ="
    }
  }
}
